// !$*UTF8*$!
{
	archiveVersion = 1;
	classes = {
	};
	objectVersion = 56;
	objects = {

/* Begin PBXBuildFile section */
		C225DC2B2A63CE190079136A /* MainView.swift in Sources */ = {isa = PBXBuildFile; fileRef = C225DC2A2A63CE190079136A /* MainView.swift */; };
		C225DC2D2A63CF7E0079136A /* CryptocurrencyView.swift in Sources */ = {isa = PBXBuildFile; fileRef = C225DC2C2A63CF7E0079136A /* CryptocurrencyView.swift */; };
		C225DC2F2A63CF920079136A /* USView.swift in Sources */ = {isa = PBXBuildFile; fileRef = C225DC2E2A63CF920079136A /* USView.swift */; };
		C225DC312A63CF9C0079136A /* KRView.swift in Sources */ = {isa = PBXBuildFile; fileRef = C225DC302A63CF9C0079136A /* KRView.swift */; };
		C225DC332A63D6800079136A /* CryptocurrencyViewModel.swift in Sources */ = {isa = PBXBuildFile; fileRef = C225DC322A63D6800079136A /* CryptocurrencyViewModel.swift */; };
		C225DC352A63E9A60079136A /* CryptocurrencyDetailView.swift in Sources */ = {isa = PBXBuildFile; fileRef = C225DC342A63E9A60079136A /* CryptocurrencyDetailView.swift */; };
		C225DC372A6402F90079136A /* CryptocurrencyDetailViewModel.swift in Sources */ = {isa = PBXBuildFile; fileRef = C225DC362A6402F90079136A /* CryptocurrencyDetailViewModel.swift */; };
		C29153EA2A62AF0F00973C02 /* Financial_FreedomApp.swift in Sources */ = {isa = PBXBuildFile; fileRef = C29153E92A62AF0F00973C02 /* Financial_FreedomApp.swift */; };
		C29153EE2A62AF1000973C02 /* Assets.xcassets in Resources */ = {isa = PBXBuildFile; fileRef = C29153ED2A62AF1000973C02 /* Assets.xcassets */; };
		C29153F12A62AF1000973C02 /* Preview Assets.xcassets in Resources */ = {isa = PBXBuildFile; fileRef = C29153F02A62AF1000973C02 /* Preview Assets.xcassets */; };
		C29153FB2A62AF8C00973C02 /* UpbitSwift in Frameworks */ = {isa = PBXBuildFile; productRef = C29153FA2A62AF8C00973C02 /* UpbitSwift */; };
		C29757172A66C9CE00E12B92 /* ChartState.swift in Sources */ = {isa = PBXBuildFile; fileRef = C29757162A66C9CE00E12B92 /* ChartState.swift */; };
		C2EC14DE2A6AB48B00A5057C /* KoreaInvestment.swift in Sources */ = {isa = PBXBuildFile; fileRef = C2EC14DD2A6AB48B00A5057C /* KoreaInvestment.swift */; };
		C2EC14E02A6ABB2600A5057C /* Constant.swift in Sources */ = {isa = PBXBuildFile; fileRef = C2EC14DF2A6ABB2600A5057C /* Constant.swift */; };
/* End PBXBuildFile section */

/* Begin PBXFileReference section */
		C225DC2A2A63CE190079136A /* MainView.swift */ = {isa = PBXFileReference; lastKnownFileType = sourcecode.swift; path = MainView.swift; sourceTree = "<group>"; };
		C225DC2C2A63CF7E0079136A /* CryptocurrencyView.swift */ = {isa = PBXFileReference; lastKnownFileType = sourcecode.swift; path = CryptocurrencyView.swift; sourceTree = "<group>"; };
		C225DC2E2A63CF920079136A /* USView.swift */ = {isa = PBXFileReference; lastKnownFileType = sourcecode.swift; path = USView.swift; sourceTree = "<group>"; };
		C225DC302A63CF9C0079136A /* KRView.swift */ = {isa = PBXFileReference; lastKnownFileType = sourcecode.swift; path = KRView.swift; sourceTree = "<group>"; };
		C225DC322A63D6800079136A /* CryptocurrencyViewModel.swift */ = {isa = PBXFileReference; lastKnownFileType = sourcecode.swift; path = CryptocurrencyViewModel.swift; sourceTree = "<group>"; };
		C225DC342A63E9A60079136A /* CryptocurrencyDetailView.swift */ = {isa = PBXFileReference; lastKnownFileType = sourcecode.swift; path = CryptocurrencyDetailView.swift; sourceTree = "<group>"; };
		C225DC362A6402F90079136A /* CryptocurrencyDetailViewModel.swift */ = {isa = PBXFileReference; lastKnownFileType = sourcecode.swift; path = CryptocurrencyDetailViewModel.swift; sourceTree = "<group>"; };
		C29153E62A62AF0F00973C02 /* Financial Freedom.app */ = {isa = PBXFileReference; explicitFileType = wrapper.application; includeInIndex = 0; path = "Financial Freedom.app"; sourceTree = BUILT_PRODUCTS_DIR; };
		C29153E92A62AF0F00973C02 /* Financial_FreedomApp.swift */ = {isa = PBXFileReference; lastKnownFileType = sourcecode.swift; path = Financial_FreedomApp.swift; sourceTree = "<group>"; };
		C29153ED2A62AF1000973C02 /* Assets.xcassets */ = {isa = PBXFileReference; lastKnownFileType = folder.assetcatalog; path = Assets.xcassets; sourceTree = "<group>"; };
		C29153F02A62AF1000973C02 /* Preview Assets.xcassets */ = {isa = PBXFileReference; lastKnownFileType = folder.assetcatalog; path = "Preview Assets.xcassets"; sourceTree = "<group>"; };
		C29757162A66C9CE00E12B92 /* ChartState.swift */ = {isa = PBXFileReference; lastKnownFileType = sourcecode.swift; path = ChartState.swift; sourceTree = "<group>"; };
		C2EC14DD2A6AB48B00A5057C /* KoreaInvestment.swift */ = {isa = PBXFileReference; lastKnownFileType = sourcecode.swift; path = KoreaInvestment.swift; sourceTree = "<group>"; };
		C2EC14DF2A6ABB2600A5057C /* Constant.swift */ = {isa = PBXFileReference; lastKnownFileType = sourcecode.swift; path = Constant.swift; sourceTree = "<group>"; };
		C2EC14E12A6ABCD600A5057C /* Financial-Freedom-Info.plist */ = {isa = PBXFileReference; lastKnownFileType = text.plist; path = "Financial-Freedom-Info.plist"; sourceTree = SOURCE_ROOT; };
/* End PBXFileReference section */

/* Begin PBXFrameworksBuildPhase section */
		C29153E32A62AF0F00973C02 /* Frameworks */ = {
			isa = PBXFrameworksBuildPhase;
			buildActionMask = 2147483647;
			files = (
				C29153FB2A62AF8C00973C02 /* UpbitSwift in Frameworks */,
			);
			runOnlyForDeploymentPostprocessing = 0;
		};
/* End PBXFrameworksBuildPhase section */

/* Begin PBXGroup section */
		C225DC272A63CAA90079136A /* View */ = {
			isa = PBXGroup;
			children = (
				C225DC2A2A63CE190079136A /* MainView.swift */,
				C225DC2C2A63CF7E0079136A /* CryptocurrencyView.swift */,
				C225DC2E2A63CF920079136A /* USView.swift */,
				C225DC302A63CF9C0079136A /* KRView.swift */,
				C225DC342A63E9A60079136A /* CryptocurrencyDetailView.swift */,
			);
			path = View;
			sourceTree = "<group>";
		};
		C225DC282A63CAB30079136A /* Model */ = {
			isa = PBXGroup;
			children = (
				C29757162A66C9CE00E12B92 /* ChartState.swift */,
				C2EC14DD2A6AB48B00A5057C /* KoreaInvestment.swift */,
			);
			path = Model;
			sourceTree = "<group>";
		};
		C225DC292A63CAB90079136A /* View Model */ = {
			isa = PBXGroup;
			children = (
				C225DC322A63D6800079136A /* CryptocurrencyViewModel.swift */,
				C225DC362A6402F90079136A /* CryptocurrencyDetailViewModel.swift */,
			);
			path = "View Model";
			sourceTree = "<group>";
		};
		C29153DD2A62AF0F00973C02 = {
			isa = PBXGroup;
			children = (
				C29153E82A62AF0F00973C02 /* Financial Freedom */,
				C29153E72A62AF0F00973C02 /* Products */,
			);
			sourceTree = "<group>";
		};
		C29153E72A62AF0F00973C02 /* Products */ = {
			isa = PBXGroup;
			children = (
				C29153E62A62AF0F00973C02 /* Financial Freedom.app */,
			);
			name = Products;
			sourceTree = "<group>";
		};
		C29153E82A62AF0F00973C02 /* Financial Freedom */ = {
			isa = PBXGroup;
			children = (
				C2EC14E12A6ABCD600A5057C /* Financial-Freedom-Info.plist */,
				C29153E92A62AF0F00973C02 /* Financial_FreedomApp.swift */,
				C29153ED2A62AF1000973C02 /* Assets.xcassets */,
				C29153EF2A62AF1000973C02 /* Preview Content */,
				C225DC282A63CAB30079136A /* Model */,
				C225DC272A63CAA90079136A /* View */,
				C225DC292A63CAB90079136A /* View Model */,
				C2EC14DF2A6ABB2600A5057C /* Constant.swift */,
			);
			path = "Financial Freedom";
			sourceTree = "<group>";
		};
		C29153EF2A62AF1000973C02 /* Preview Content */ = {
			isa = PBXGroup;
			children = (
				C29153F02A62AF1000973C02 /* Preview Assets.xcassets */,
			);
			path = "Preview Content";
			sourceTree = "<group>";
		};
/* End PBXGroup section */

/* Begin PBXNativeTarget section */
		C29153E52A62AF0F00973C02 /* Financial Freedom */ = {
			isa = PBXNativeTarget;
			buildConfigurationList = C29153F42A62AF1000973C02 /* Build configuration list for PBXNativeTarget "Financial Freedom" */;
			buildPhases = (
				C29153E22A62AF0F00973C02 /* Sources */,
				C29153E32A62AF0F00973C02 /* Frameworks */,
				C29153E42A62AF0F00973C02 /* Resources */,
			);
			buildRules = (
			);
			dependencies = (
			);
			name = "Financial Freedom";
			packageProductDependencies = (
				C29153FA2A62AF8C00973C02 /* UpbitSwift */,
			);
			productName = "Financial Freedom";
			productReference = C29153E62A62AF0F00973C02 /* Financial Freedom.app */;
			productType = "com.apple.product-type.application";
		};
/* End PBXNativeTarget section */

/* Begin PBXProject section */
		C29153DE2A62AF0F00973C02 /* Project object */ = {
			isa = PBXProject;
			attributes = {
				BuildIndependentTargetsInParallel = 1;
				LastSwiftUpdateCheck = 1430;
				LastUpgradeCheck = 1430;
				TargetAttributes = {
					C29153E52A62AF0F00973C02 = {
						CreatedOnToolsVersion = 14.3;
					};
				};
			};
			buildConfigurationList = C29153E12A62AF0F00973C02 /* Build configuration list for PBXProject "Financial Freedom" */;
			compatibilityVersion = "Xcode 14.0";
			developmentRegion = en;
			hasScannedForEncodings = 0;
			knownRegions = (
				en,
				Base,
			);
			mainGroup = C29153DD2A62AF0F00973C02;
			packageReferences = (
				C29153F92A62AF8C00973C02 /* XCRemoteSwiftPackageReference "UpbitSwift" */,
			);
			productRefGroup = C29153E72A62AF0F00973C02 /* Products */;
			projectDirPath = "";
			projectRoot = "";
			targets = (
				C29153E52A62AF0F00973C02 /* Financial Freedom */,
			);
		};
/* End PBXProject section */

/* Begin PBXResourcesBuildPhase section */
		C29153E42A62AF0F00973C02 /* Resources */ = {
			isa = PBXResourcesBuildPhase;
			buildActionMask = 2147483647;
			files = (
				C29153F12A62AF1000973C02 /* Preview Assets.xcassets in Resources */,
				C29153EE2A62AF1000973C02 /* Assets.xcassets in Resources */,
			);
			runOnlyForDeploymentPostprocessing = 0;
		};
/* End PBXResourcesBuildPhase section */

/* Begin PBXSourcesBuildPhase section */
		C29153E22A62AF0F00973C02 /* Sources */ = {
			isa = PBXSourcesBuildPhase;
			buildActionMask = 2147483647;
			files = (
				C225DC2D2A63CF7E0079136A /* CryptocurrencyView.swift in Sources */,
				C29757172A66C9CE00E12B92 /* ChartState.swift in Sources */,
				C225DC2B2A63CE190079136A /* MainView.swift in Sources */,
				C2EC14DE2A6AB48B00A5057C /* KoreaInvestment.swift in Sources */,
				C29153EA2A62AF0F00973C02 /* Financial_FreedomApp.swift in Sources */,
				C225DC312A63CF9C0079136A /* KRView.swift in Sources */,
				C225DC332A63D6800079136A /* CryptocurrencyViewModel.swift in Sources */,
				C225DC352A63E9A60079136A /* CryptocurrencyDetailView.swift in Sources */,
				C2EC14E02A6ABB2600A5057C /* Constant.swift in Sources */,
				C225DC2F2A63CF920079136A /* USView.swift in Sources */,
				C225DC372A6402F90079136A /* CryptocurrencyDetailViewModel.swift in Sources */,
			);
			runOnlyForDeploymentPostprocessing = 0;
		};
/* End PBXSourcesBuildPhase section */

/* Begin XCBuildConfiguration section */
		C29153F22A62AF1000973C02 /* Debug */ = {
			isa = XCBuildConfiguration;
			buildSettings = {
				ALWAYS_SEARCH_USER_PATHS = NO;
				CLANG_ANALYZER_NONNULL = YES;
				CLANG_ANALYZER_NUMBER_OBJECT_CONVERSION = YES_AGGRESSIVE;
				CLANG_CXX_LANGUAGE_STANDARD = "gnu++20";
				CLANG_ENABLE_MODULES = YES;
				CLANG_ENABLE_OBJC_ARC = YES;
				CLANG_ENABLE_OBJC_WEAK = YES;
				CLANG_WARN_BLOCK_CAPTURE_AUTORELEASING = YES;
				CLANG_WARN_BOOL_CONVERSION = YES;
				CLANG_WARN_COMMA = YES;
				CLANG_WARN_CONSTANT_CONVERSION = YES;
				CLANG_WARN_DEPRECATED_OBJC_IMPLEMENTATIONS = YES;
				CLANG_WARN_DIRECT_OBJC_ISA_USAGE = YES_ERROR;
				CLANG_WARN_DOCUMENTATION_COMMENTS = YES;
				CLANG_WARN_EMPTY_BODY = YES;
				CLANG_WARN_ENUM_CONVERSION = YES;
				CLANG_WARN_INFINITE_RECURSION = YES;
				CLANG_WARN_INT_CONVERSION = YES;
				CLANG_WARN_NON_LITERAL_NULL_CONVERSION = YES;
				CLANG_WARN_OBJC_IMPLICIT_RETAIN_SELF = YES;
				CLANG_WARN_OBJC_LITERAL_CONVERSION = YES;
				CLANG_WARN_OBJC_ROOT_CLASS = YES_ERROR;
				CLANG_WARN_QUOTED_INCLUDE_IN_FRAMEWORK_HEADER = YES;
				CLANG_WARN_RANGE_LOOP_ANALYSIS = YES;
				CLANG_WARN_STRICT_PROTOTYPES = YES;
				CLANG_WARN_SUSPICIOUS_MOVE = YES;
				CLANG_WARN_UNGUARDED_AVAILABILITY = YES_AGGRESSIVE;
				CLANG_WARN_UNREACHABLE_CODE = YES;
				CLANG_WARN__DUPLICATE_METHOD_MATCH = YES;
				COPY_PHASE_STRIP = NO;
				DEBUG_INFORMATION_FORMAT = dwarf;
				ENABLE_STRICT_OBJC_MSGSEND = YES;
				ENABLE_TESTABILITY = YES;
				GCC_C_LANGUAGE_STANDARD = gnu11;
				GCC_DYNAMIC_NO_PIC = NO;
				GCC_NO_COMMON_BLOCKS = YES;
				GCC_OPTIMIZATION_LEVEL = 0;
				GCC_PREPROCESSOR_DEFINITIONS = (
					"DEBUG=1",
					"$(inherited)",
				);
				GCC_WARN_64_TO_32_BIT_CONVERSION = YES;
				GCC_WARN_ABOUT_RETURN_TYPE = YES_ERROR;
				GCC_WARN_UNDECLARED_SELECTOR = YES;
				GCC_WARN_UNINITIALIZED_AUTOS = YES_AGGRESSIVE;
				GCC_WARN_UNUSED_FUNCTION = YES;
				GCC_WARN_UNUSED_VARIABLE = YES;
				IPHONEOS_DEPLOYMENT_TARGET = 16.4;
				MTL_ENABLE_DEBUG_INFO = INCLUDE_SOURCE;
				MTL_FAST_MATH = YES;
				ONLY_ACTIVE_ARCH = YES;
				SDKROOT = iphoneos;
				SWIFT_ACTIVE_COMPILATION_CONDITIONS = DEBUG;
				SWIFT_OPTIMIZATION_LEVEL = "-Onone";
			};
			name = Debug;
		};
		C29153F32A62AF1000973C02 /* Release */ = {
			isa = XCBuildConfiguration;
			buildSettings = {
				ALWAYS_SEARCH_USER_PATHS = NO;
				CLANG_ANALYZER_NONNULL = YES;
				CLANG_ANALYZER_NUMBER_OBJECT_CONVERSION = YES_AGGRESSIVE;
				CLANG_CXX_LANGUAGE_STANDARD = "gnu++20";
				CLANG_ENABLE_MODULES = YES;
				CLANG_ENABLE_OBJC_ARC = YES;
				CLANG_ENABLE_OBJC_WEAK = YES;
				CLANG_WARN_BLOCK_CAPTURE_AUTORELEASING = YES;
				CLANG_WARN_BOOL_CONVERSION = YES;
				CLANG_WARN_COMMA = YES;
				CLANG_WARN_CONSTANT_CONVERSION = YES;
				CLANG_WARN_DEPRECATED_OBJC_IMPLEMENTATIONS = YES;
				CLANG_WARN_DIRECT_OBJC_ISA_USAGE = YES_ERROR;
				CLANG_WARN_DOCUMENTATION_COMMENTS = YES;
				CLANG_WARN_EMPTY_BODY = YES;
				CLANG_WARN_ENUM_CONVERSION = YES;
				CLANG_WARN_INFINITE_RECURSION = YES;
				CLANG_WARN_INT_CONVERSION = YES;
				CLANG_WARN_NON_LITERAL_NULL_CONVERSION = YES;
				CLANG_WARN_OBJC_IMPLICIT_RETAIN_SELF = YES;
				CLANG_WARN_OBJC_LITERAL_CONVERSION = YES;
				CLANG_WARN_OBJC_ROOT_CLASS = YES_ERROR;
				CLANG_WARN_QUOTED_INCLUDE_IN_FRAMEWORK_HEADER = YES;
				CLANG_WARN_RANGE_LOOP_ANALYSIS = YES;
				CLANG_WARN_STRICT_PROTOTYPES = YES;
				CLANG_WARN_SUSPICIOUS_MOVE = YES;
				CLANG_WARN_UNGUARDED_AVAILABILITY = YES_AGGRESSIVE;
				CLANG_WARN_UNREACHABLE_CODE = YES;
				CLANG_WARN__DUPLICATE_METHOD_MATCH = YES;
				COPY_PHASE_STRIP = NO;
				DEBUG_INFORMATION_FORMAT = "dwarf-with-dsym";
				ENABLE_NS_ASSERTIONS = NO;
				ENABLE_STRICT_OBJC_MSGSEND = YES;
				GCC_C_LANGUAGE_STANDARD = gnu11;
				GCC_NO_COMMON_BLOCKS = YES;
				GCC_WARN_64_TO_32_BIT_CONVERSION = YES;
				GCC_WARN_ABOUT_RETURN_TYPE = YES_ERROR;
				GCC_WARN_UNDECLARED_SELECTOR = YES;
				GCC_WARN_UNINITIALIZED_AUTOS = YES_AGGRESSIVE;
				GCC_WARN_UNUSED_FUNCTION = YES;
				GCC_WARN_UNUSED_VARIABLE = YES;
				IPHONEOS_DEPLOYMENT_TARGET = 16.4;
				MTL_ENABLE_DEBUG_INFO = NO;
				MTL_FAST_MATH = YES;
				SDKROOT = iphoneos;
				SWIFT_COMPILATION_MODE = wholemodule;
				SWIFT_OPTIMIZATION_LEVEL = "-O";
				VALIDATE_PRODUCT = YES;
			};
			name = Release;
		};
		C29153F52A62AF1000973C02 /* Debug */ = {
			isa = XCBuildConfiguration;
			buildSettings = {
				ASSETCATALOG_COMPILER_APPICON_NAME = AppIcon;
				ASSETCATALOG_COMPILER_GLOBAL_ACCENT_COLOR_NAME = AccentColor;
				CODE_SIGN_STYLE = Automatic;
				CURRENT_PROJECT_VERSION = 1;
				DEVELOPMENT_ASSET_PATHS = "\"Financial Freedom/Preview Content\"";
				DEVELOPMENT_TEAM = ULF3FT8T5G;
				ENABLE_PREVIEWS = YES;
				GENERATE_INFOPLIST_FILE = YES;
				INFOPLIST_FILE = "Financial-Freedom-Info.plist";
				INFOPLIST_KEY_UIApplicationSceneManifest_Generation = YES;
				INFOPLIST_KEY_UIApplicationSupportsIndirectInputEvents = YES;
				INFOPLIST_KEY_UILaunchScreen_Generation = YES;
				INFOPLIST_KEY_UISupportedInterfaceOrientations_iPad = "UIInterfaceOrientationPortrait UIInterfaceOrientationPortraitUpsideDown UIInterfaceOrientationLandscapeLeft UIInterfaceOrientationLandscapeRight";
				INFOPLIST_KEY_UISupportedInterfaceOrientations_iPhone = "UIInterfaceOrientationPortrait UIInterfaceOrientationLandscapeLeft UIInterfaceOrientationLandscapeRight";
				LD_RUNPATH_SEARCH_PATHS = (
					"$(inherited)",
					"@executable_path/Frameworks",
				);
				MARKETING_VERSION = 1.0;
				PRODUCT_BUNDLE_IDENTIFIER = "com.nu-jey.Financial-Freedom";
				PRODUCT_NAME = "$(TARGET_NAME)";
				SWIFT_EMIT_LOC_STRINGS = YES;
				SWIFT_VERSION = 5.0;
				TARGETED_DEVICE_FAMILY = "1,2";
			};
			name = Debug;
		};
		C29153F62A62AF1000973C02 /* Release */ = {
			isa = XCBuildConfiguration;
			buildSettings = {
				ASSETCATALOG_COMPILER_APPICON_NAME = AppIcon;
				ASSETCATALOG_COMPILER_GLOBAL_ACCENT_COLOR_NAME = AccentColor;
				CODE_SIGN_STYLE = Automatic;
				CURRENT_PROJECT_VERSION = 1;
				DEVELOPMENT_ASSET_PATHS = "\"Financial Freedom/Preview Content\"";
				DEVELOPMENT_TEAM = ULF3FT8T5G;
				ENABLE_PREVIEWS = YES;
				GENERATE_INFOPLIST_FILE = YES;
				INFOPLIST_FILE = "Financial-Freedom-Info.plist";
				INFOPLIST_KEY_UIApplicationSceneManifest_Generation = YES;
				INFOPLIST_KEY_UIApplicationSupportsIndirectInputEvents = YES;
				INFOPLIST_KEY_UILaunchScreen_Generation = YES;
				INFOPLIST_KEY_UISupportedInterfaceOrientations_iPad = "UIInterfaceOrientationPortrait UIInterfaceOrientationPortraitUpsideDown UIInterfaceOrientationLandscapeLeft UIInterfaceOrientationLandscapeRight";
				INFOPLIST_KEY_UISupportedInterfaceOrientations_iPhone = "UIInterfaceOrientationPortrait UIInterfaceOrientationLandscapeLeft UIInterfaceOrientationLandscapeRight";
				LD_RUNPATH_SEARCH_PATHS = (
					"$(inherited)",
					"@executable_path/Frameworks",
				);
				MARKETING_VERSION = 1.0;
				PRODUCT_BUNDLE_IDENTIFIER = "com.nu-jey.Financial-Freedom";
				PRODUCT_NAME = "$(TARGET_NAME)";
				SWIFT_EMIT_LOC_STRINGS = YES;
				SWIFT_VERSION = 5.0;
				TARGETED_DEVICE_FAMILY = "1,2";
			};
			name = Release;
		};
/* End XCBuildConfiguration section */

/* Begin XCConfigurationList section */
		C29153E12A62AF0F00973C02 /* Build configuration list for PBXProject "Financial Freedom" */ = {
			isa = XCConfigurationList;
			buildConfigurations = (
				C29153F22A62AF1000973C02 /* Debug */,
				C29153F32A62AF1000973C02 /* Release */,
			);
			defaultConfigurationIsVisible = 0;
			defaultConfigurationName = Release;
		};
		C29153F42A62AF1000973C02 /* Build configuration list for PBXNativeTarget "Financial Freedom" */ = {
			isa = XCConfigurationList;
			buildConfigurations = (
				C29153F52A62AF1000973C02 /* Debug */,
				C29153F62A62AF1000973C02 /* Release */,
			);
			defaultConfigurationIsVisible = 0;
			defaultConfigurationName = Release;
		};
/* End XCConfigurationList section */

/* Begin XCRemoteSwiftPackageReference section */
		C29153F92A62AF8C00973C02 /* XCRemoteSwiftPackageReference "UpbitSwift" */ = {
			isa = XCRemoteSwiftPackageReference;
			repositoryURL = "https://github.com/sihon321/UpbitSwift.git";
			requirement = {
				kind = upToNextMajorVersion;
				minimumVersion = 0.1.8;
			};
		};
/* End XCRemoteSwiftPackageReference section */

/* Begin XCSwiftPackageProductDependency section */
		C29153FA2A62AF8C00973C02 /* UpbitSwift */ = {
			isa = XCSwiftPackageProductDependency;
			package = C29153F92A62AF8C00973C02 /* XCRemoteSwiftPackageReference "UpbitSwift" */;
			productName = UpbitSwift;
		};
/* End XCSwiftPackageProductDependency section */
	};
	rootObject = C29153DE2A62AF0F00973C02 /* Project object */;
}
